// !$*UTF8*$!
{
	archiveVersion = 1;
	classes = {
	};
	objectVersion = 46;
	objects = {

/* Begin PBXBuildFile section */
		5845410A1C957EC3007FBB55 /* BWWalkthroughPageViewController.swift in Sources */ = {isa = PBXBuildFile; fileRef = 584541081C957EC3007FBB55 /* BWWalkthroughPageViewController.swift */; };
		5845410B1C957EC3007FBB55 /* BWWalkthroughViewController.swift in Sources */ = {isa = PBXBuildFile; fileRef = 584541091C957EC3007FBB55 /* BWWalkthroughViewController.swift */; };
		58D1E8521C941715009C4DE2 /* AppDelegate.swift in Sources */ = {isa = PBXBuildFile; fileRef = 58D1E8511C941715009C4DE2 /* AppDelegate.swift */; };
		58D1E8541C941715009C4DE2 /* ViewController.swift in Sources */ = {isa = PBXBuildFile; fileRef = 58D1E8531C941715009C4DE2 /* ViewController.swift */; };
		58D1E8571C941715009C4DE2 /* Main.storyboard in Resources */ = {isa = PBXBuildFile; fileRef = 58D1E8551C941715009C4DE2 /* Main.storyboard */; };
		58D1E85C1C941715009C4DE2 /* LaunchScreen.storyboard in Resources */ = {isa = PBXBuildFile; fileRef = 58D1E85A1C941715009C4DE2 /* LaunchScreen.storyboard */; };
		58D1E8691C941F8B009C4DE2 /* Media.xcassets in Resources */ = {isa = PBXBuildFile; fileRef = 58D1E8681C941F8B009C4DE2 /* Media.xcassets */; };
		58D1E86F1C942DAE009C4DE2 /* MainViewController.swift in Sources */ = {isa = PBXBuildFile; fileRef = 58D1E86E1C942DAE009C4DE2 /* MainViewController.swift */; };
		58D1E8711C943467009C4DE2 /* MyCustomPageViewController.swift in Sources */ = {isa = PBXBuildFile; fileRef = 58D1E8701C943467009C4DE2 /* MyCustomPageViewController.swift */; };
/* End PBXBuildFile section */

/* Begin PBXFileReference section */
		584541081C957EC3007FBB55 /* BWWalkthroughPageViewController.swift */ = {isa = PBXFileReference; fileEncoding = 4; lastKnownFileType = sourcecode.swift; path = BWWalkthroughPageViewController.swift; sourceTree = "<group>"; };
		584541091C957EC3007FBB55 /* BWWalkthroughViewController.swift */ = {isa = PBXFileReference; fileEncoding = 4; lastKnownFileType = sourcecode.swift; path = BWWalkthroughViewController.swift; sourceTree = "<group>"; };
		58D1E84E1C941715009C4DE2 /* TB_Walkthrough.app */ = {isa = PBXFileReference; explicitFileType = wrapper.application; includeInIndex = 0; path = TB_Walkthrough.app; sourceTree = BUILT_PRODUCTS_DIR; };
		58D1E8511C941715009C4DE2 /* AppDelegate.swift */ = {isa = PBXFileReference; lastKnownFileType = sourcecode.swift; path = AppDelegate.swift; sourceTree = "<group>"; };
		58D1E8531C941715009C4DE2 /* ViewController.swift */ = {isa = PBXFileReference; lastKnownFileType = sourcecode.swift; path = ViewController.swift; sourceTree = "<group>"; };
		58D1E8561C941715009C4DE2 /* Base */ = {isa = PBXFileReference; lastKnownFileType = file.storyboard; name = Base; path = Base.lproj/Main.storyboard; sourceTree = "<group>"; };
		58D1E85B1C941715009C4DE2 /* Base */ = {isa = PBXFileReference; lastKnownFileType = file.storyboard; name = Base; path = Base.lproj/LaunchScreen.storyboard; sourceTree = "<group>"; };
		58D1E85D1C941715009C4DE2 /* Info.plist */ = {isa = PBXFileReference; lastKnownFileType = text.plist.xml; path = Info.plist; sourceTree = "<group>"; };
		58D1E8681C941F8B009C4DE2 /* Media.xcassets */ = {isa = PBXFileReference; lastKnownFileType = folder.assetcatalog; path = Media.xcassets; sourceTree = "<group>"; };
		58D1E86E1C942DAE009C4DE2 /* MainViewController.swift */ = {isa = PBXFileReference; fileEncoding = 4; lastKnownFileType = sourcecode.swift; path = MainViewController.swift; sourceTree = "<group>"; };
		58D1E8701C943467009C4DE2 /* MyCustomPageViewController.swift */ = {isa = PBXFileReference; fileEncoding = 4; lastKnownFileType = sourcecode.swift; path = MyCustomPageViewController.swift; sourceTree = "<group>"; };
/* End PBXFileReference section */

/* Begin PBXFrameworksBuildPhase section */
		58D1E84B1C941715009C4DE2 /* Frameworks */ = {
			isa = PBXFrameworksBuildPhase;
			buildActionMask = 2147483647;
			files = (
			);
			runOnlyForDeploymentPostprocessing = 0;
		};
/* End PBXFrameworksBuildPhase section */

/* Begin PBXGroup section */
		584541071C957EC3007FBB55 /* Libs */ = {
			isa = PBXGroup;
			children = (
				584541081C957EC3007FBB55 /* BWWalkthroughPageViewController.swift */,
				584541091C957EC3007FBB55 /* BWWalkthroughViewController.swift */,
			);
			path = Libs;
			sourceTree = "<group>";
		};
		58D1E8451C941715009C4DE2 = {
			isa = PBXGroup;
			children = (
				58D1E8681C941F8B009C4DE2 /* Media.xcassets */,
				58D1E8501C941715009C4DE2 /* TB_Walkthrough */,
				58D1E84F1C941715009C4DE2 /* Products */,
			);
			sourceTree = "<group>";
		};
		58D1E84F1C941715009C4DE2 /* Products */ = {
			isa = PBXGroup;
			children = (
				58D1E84E1C941715009C4DE2 /* TB_Walkthrough.app */,
			);
			name = Products;
			sourceTree = "<group>";
		};
		58D1E8501C941715009C4DE2 /* TB_Walkthrough */ = {
			isa = PBXGroup;
			children = (
				584541071C957EC3007FBB55 /* Libs */,
				58D1E8511C941715009C4DE2 /* AppDelegate.swift */,
				58D1E8531C941715009C4DE2 /* ViewController.swift */,
				58D1E8551C941715009C4DE2 /* Main.storyboard */,
				58D1E85A1C941715009C4DE2 /* LaunchScreen.storyboard */,
				58D1E85D1C941715009C4DE2 /* Info.plist */,
				58D1E86E1C942DAE009C4DE2 /* MainViewController.swift */,
				58D1E8701C943467009C4DE2 /* MyCustomPageViewController.swift */,
			);
			path = TB_Walkthrough;
			sourceTree = "<group>";
		};
/* End PBXGroup section */

/* Begin PBXNativeTarget section */
		58D1E84D1C941715009C4DE2 /* TB_Walkthrough */ = {
			isa = PBXNativeTarget;
			buildConfigurationList = 58D1E8601C941715009C4DE2 /* Build configuration list for PBXNativeTarget "TB_Walkthrough" */;
			buildPhases = (
				58D1E84A1C941715009C4DE2 /* Sources */,
				58D1E84B1C941715009C4DE2 /* Frameworks */,
				58D1E84C1C941715009C4DE2 /* Resources */,
			);
			buildRules = (
			);
			dependencies = (
			);
			name = TB_Walkthrough;
			productName = TB_Walkthrough;
			productReference = 58D1E84E1C941715009C4DE2 /* TB_Walkthrough.app */;
			productType = "com.apple.product-type.application";
		};
/* End PBXNativeTarget section */

/* Begin PBXProject section */
		58D1E8461C941715009C4DE2 /* Project object */ = {
			isa = PBXProject;
			attributes = {
				LastSwiftUpdateCheck = 0720;
				LastUpgradeCheck = 0720;
				ORGANIZATIONNAME = Bitwaker;
				TargetAttributes = {
					58D1E84D1C941715009C4DE2 = {
						CreatedOnToolsVersion = 7.2.1;
					};
				};
			};
			buildConfigurationList = 58D1E8491C941715009C4DE2 /* Build configuration list for PBXProject "TB_Walkthrough" */;
			compatibilityVersion = "Xcode 3.2";
			developmentRegion = English;
			hasScannedForEncodings = 0;
			knownRegions = (
				en,
				Base,
			);
			mainGroup = 58D1E8451C941715009C4DE2;
			productRefGroup = 58D1E84F1C941715009C4DE2 /* Products */;
			projectDirPath = "";
			projectRoot = "";
			targets = (
				58D1E84D1C941715009C4DE2 /* TB_Walkthrough */,
			);
		};
/* End PBXProject section */

/* Begin PBXResourcesBuildPhase section */
		58D1E84C1C941715009C4DE2 /* Resources */ = {
			isa = PBXResourcesBuildPhase;
			buildActionMask = 2147483647;
			files = (
				58D1E85C1C941715009C4DE2 /* LaunchScreen.storyboard in Resources */,
				58D1E8691C941F8B009C4DE2 /* Media.xcassets in Resources */,
				58D1E8571C941715009C4DE2 /* Main.storyboard in Resources */,
			);
			runOnlyForDeploymentPostprocessing = 0;
		};
/* End PBXResourcesBuildPhase section */

/* Begin PBXSourcesBuildPhase section */
		58D1E84A1C941715009C4DE2 /* Sources */ = {
			isa = PBXSourcesBuildPhase;
			buildActionMask = 2147483647;
			files = (
				58D1E86F1C942DAE009C4DE2 /* MainViewController.swift in Sources */,
				58D1E8541C941715009C4DE2 /* ViewController.swift in Sources */,
				5845410B1C957EC3007FBB55 /* BWWalkthroughViewController.swift in Sources */,
				58D1E8711C943467009C4DE2 /* MyCustomPageViewController.swift in Sources */,
				58D1E8521C941715009C4DE2 /* AppDelegate.swift in Sources */,
				5845410A1C957EC3007FBB55 /* BWWalkthroughPageViewController.swift in Sources */,
			);
			runOnlyForDeploymentPostprocessing = 0;
		};
/* End PBXSourcesBuildPhase section */

/* Begin PBXVariantGroup section */
		58D1E8551C941715009C4DE2 /* Main.storyboard */ = {
			isa = PBXVariantGroup;
			children = (
				58D1E8561C941715009C4DE2 /* Base */,
			);
			name = Main.storyboard;
			sourceTree = "<group>";
		};
		58D1E85A1C941715009C4DE2 /* LaunchScreen.storyboard */ = {
			isa = PBXVariantGroup;
			children = (
				58D1E85B1C941715009C4DE2 /* Base */,
			);
			name = LaunchScreen.storyboard;
			sourceTree = "<group>";
		};
/* End PBXVariantGroup section */

/* Begin XCBuildConfiguration section */
		58D1E85E1C941715009C4DE2 /* Debug */ = {
			isa = XCBuildConfiguration;
			buildSettings = {
				ALWAYS_SEARCH_USER_PATHS = NO;
				CLANG_CXX_LANGUAGE_STANDARD = "gnu++0x";
				CLANG_CXX_LIBRARY = "libc++";
				CLANG_ENABLE_MODULES = YES;
				CLANG_ENABLE_OBJC_ARC = YES;
				CLANG_WARN_BOOL_CONVERSION = YES;
				CLANG_WARN_CONSTANT_CONVERSION = YES;
				CLANG_WARN_DIRECT_OBJC_ISA_USAGE = YES_ERROR;
				CLANG_WARN_EMPTY_BODY = YES;
				CLANG_WARN_ENUM_CONVERSION = YES;
				CLANG_WARN_INT_CONVERSION = YES;
				CLANG_WARN_OBJC_ROOT_CLASS = YES_ERROR;
				CLANG_WARN_UNREACHABLE_CODE = YES;
				CLANG_WARN__DUPLICATE_METHOD_MATCH = YES;
				"CODE_SIGN_IDENTITY[sdk=iphoneos*]" = "iPhone Developer";
				COPY_PHASE_STRIP = NO;
				DEBUG_INFORMATION_FORMAT = dwarf;
				ENABLE_STRICT_OBJC_MSGSEND = YES;
				ENABLE_TESTABILITY = YES;
				GCC_C_LANGUAGE_STANDARD = gnu99;
				GCC_DYNAMIC_NO_PIC = NO;
				GCC_NO_COMMON_BLOCKS = YES;
				GCC_OPTIMIZATION_LEVEL = 0;
				GCC_PREPROCESSOR_DEFINITIONS = (
					"DEBUG=1",
					"$(inherited)",
				);
				GCC_WARN_64_TO_32_BIT_CONVERSION = YES;
				GCC_WARN_ABOUT_RETURN_TYPE = YES_ERROR;
				GCC_WARN_UNDECLARED_SELECTOR = YES;
				GCC_WARN_UNINITIALIZED_AUTOS = YES_AGGRESSIVE;
				GCC_WARN_UNUSED_FUNCTION = YES;
				GCC_WARN_UNUSED_VARIABLE = YES;
				IPHONEOS_DEPLOYMENT_TARGET = 9.2;
				MTL_ENABLE_DEBUG_INFO = YES;
				ONLY_ACTIVE_ARCH = YES;
				SDKROOT = iphoneos;
				SWIFT_OPTIMIZATION_LEVEL = "-Onone";
			};
			name = Debug;
		};
		58D1E85F1C941715009C4DE2 /* Release */ = {
			isa = XCBuildConfiguration;
			buildSettings = {
				ALWAYS_SEARCH_USER_PATHS = NO;
				CLANG_CXX_LANGUAGE_STANDARD = "gnu++0x";
				CLANG_CXX_LIBRARY = "libc++";
				CLANG_ENABLE_MODULES = YES;
				CLANG_ENABLE_OBJC_ARC = YES;
				CLANG_WARN_BOOL_CONVERSION = YES;
				CLANG_WARN_CONSTANT_CONVERSION = YES;
				CLANG_WARN_DIRECT_OBJC_ISA_USAGE = YES_ERROR;
				CLANG_WARN_EMPTY_BODY = YES;
				CLANG_WARN_ENUM_CONVERSION = YES;
				CLANG_WARN_INT_CONVERSION = YES;
				CLANG_WARN_OBJC_ROOT_CLASS = YES_ERROR;
				CLANG_WARN_UNREACHABLE_CODE = YES;
				CLANG_WARN__DUPLICATE_METHOD_MATCH = YES;
				"CODE_SIGN_IDENTITY[sdk=iphoneos*]" = "iPhone Developer";
				COPY_PHASE_STRIP = NO;
				DEBUG_INFORMATION_FORMAT = "dwarf-with-dsym";
				ENABLE_NS_ASSERTIONS = NO;
				ENABLE_STRICT_OBJC_MSGSEND = YES;
				GCC_C_LANGUAGE_STANDARD = gnu99;
				GCC_NO_COMMON_BLOCKS = YES;
				GCC_WARN_64_TO_32_BIT_CONVERSION = YES;
				GCC_WARN_ABOUT_RETURN_TYPE = YES_ERROR;
				GCC_WARN_UNDECLARED_SELECTOR = YES;
				GCC_WARN_UNINITIALIZED_AUTOS = YES_AGGRESSIVE;
				GCC_WARN_UNUSED_FUNCTION = YES;
				GCC_WARN_UNUSED_VARIABLE = YES;
				IPHONEOS_DEPLOYMENT_TARGET = 9.2;
				MTL_ENABLE_DEBUG_INFO = NO;
				SDKROOT = iphoneos;
				VALIDATE_PRODUCT = YES;
			};
			name = Release;
		};
		58D1E8611C941715009C4DE2 /* Debug */ = {
			isa = XCBuildConfiguration;
			buildSettings = {
				ASSETCATALOG_COMPILER_APPICON_NAME = AppIcon;
				INFOPLIST_FILE = TB_Walkthrough/Info.plist;
				LD_RUNPATH_SEARCH_PATHS = "$(inherited) @executable_path/Frameworks";
				PRODUCT_BUNDLE_IDENTIFIER = "com.bitwaker.TB-Walkthrough";
				PRODUCT_NAME = "$(TARGET_NAME)";
			};
			name = Debug;
		};
		58D1E8621C941715009C4DE2 /* Release */ = {
			isa = XCBuildConfiguration;
			buildSettings = {
				ASSETCATALOG_COMPILER_APPICON_NAME = AppIcon;
				INFOPLIST_FILE = TB_Walkthrough/Info.plist;
				LD_RUNPATH_SEARCH_PATHS = "$(inherited) @executable_path/Frameworks";
				PRODUCT_BUNDLE_IDENTIFIER = "com.bitwaker.TB-Walkthrough";
				PRODUCT_NAME = "$(TARGET_NAME)";
			};
			name = Release;
		};
/* End XCBuildConfiguration section */

/* Begin XCConfigurationList section */
		58D1E8491C941715009C4DE2 /* Build configuration list for PBXProject "TB_Walkthrough" */ = {
			isa = XCConfigurationList;
			buildConfigurations = (
				58D1E85E1C941715009C4DE2 /* Debug */,
				58D1E85F1C941715009C4DE2 /* Release */,
			);
			defaultConfigurationIsVisible = 0;
			defaultConfigurationName = Release;
		};
		58D1E8601C941715009C4DE2 /* Build configuration list for PBXNativeTarget "TB_Walkthrough" */ = {
			isa = XCConfigurationList;
			buildConfigurations = (
				58D1E8611C941715009C4DE2 /* Debug */,
				58D1E8621C941715009C4DE2 /* Release */,
			);
			defaultConfigurationIsVisible = 0;
			defaultConfigurationName = Release;
		};
/* End XCConfigurationList section */
	};
	rootObject = 58D1E8461C941715009C4DE2 /* Project object */;
}
